
Microsoft Visual Studio Solution File, Format Version 12.00
# Visual Studio Version 16
VisualStudioVersion = 16.0.30517.126
MinimumVisualStudioVersion = 10.0.40219.1
Project("{FAE04EC0-301F-11D3-BF4B-00C04F79EFBC}") = "DirectoriesAndFilesProgram", "DirectoriesAndFilesProgram\DirectoriesAndFilesProgram.csproj", "{C0A4D138-728B-41D2-8B0E-5607EAA58B4C}"
EndProject
Project("{FAE04EC0-301F-11D3-BF4B-00C04F79EFBC}") = "WriteFilesAndDirectories", "WriteFilesAndDirectories\WriteFilesAndDirectories.csproj", "{E734F1AD-94CA-4108-91EC-E479D98D3AAD}"
EndProject
Global
	GlobalSection(SolutionConfigurationPlatforms) = preSolution
		Debug|Any CPU = Debug|Any CPU
		Release|Any CPU = Release|Any CPU
	EndGlobalSection
	GlobalSection(ProjectConfigurationPlatforms) = postSolution
		{C0A4D138-728B-41D2-8B0E-5607EAA58B4C}.Debug|Any CPU.ActiveCfg = Debug|Any CPU
		{C0A4D138-728B-41D2-8B0E-5607EAA58B4C}.Debug|Any CPU.Build.0 = Debug|Any CPU
		{C0A4D138-728B-41D2-8B0E-5607EAA58B4C}.Release|Any CPU.ActiveCfg = Release|Any CPU
		{C0A4D138-728B-41D2-8B0E-5607EAA58B4C}.Release|Any CPU.Build.0 = Release|Any CPU
		{E734F1AD-94CA-4108-91EC-E479D98D3AAD}.Debug|Any CPU.ActiveCfg = Debug|Any CPU
		{E734F1AD-94CA-4108-91EC-E479D98D3AAD}.Debug|Any CPU.Build.0 = Debug|Any CPU
		{E734F1AD-94CA-4108-91EC-E479D98D3AAD}.Release|Any CPU.ActiveCfg = Release|Any CPU
		{E734F1AD-94CA-4108-91EC-E479D98D3AAD}.Release|Any CPU.Build.0 = Release|Any CPU
	EndGlobalSection
	GlobalSection(SolutionProperties) = preSolution
		HideSolutionNode = FALSE
	EndGlobalSection
	GlobalSection(ExtensibilityGlobals) = postSolution
		SolutionGuid = {9618F356-7AEB-4AD4-A8EA-AF2377F4F915}
	EndGlobalSection
EndGlobal
